
Microsoft Visual Studio Solution File, Format Version 12.00
# Visual Studio Version 16
VisualStudioVersion = 16.0.29911.84
MinimumVisualStudioVersion = 10.0.40219.1
Project("{FAE04EC0-301F-11D3-BF4B-00C04F79EFBC}") = "ToDo", "ToDo\ToDo.csproj", "{0CCB1CCB-19A4-4B39-9625-7538F84C893A}"
EndProject
Global
	GlobalSection(SolutionConfigurationPlatforms) = preSolution
		Debug|Any CPU = Debug|Any CPU
		Release|Any CPU = Release|Any CPU
	EndGlobalSection
	GlobalSection(ProjectConfigurationPlatforms) = postSolution
		{0CCB1CCB-19A4-4B39-9625-7538F84C893A}.Debug|Any CPU.ActiveCfg = Debug|Any CPU
		{0CCB1CCB-19A4-4B39-9625-7538F84C893A}.Debug|Any CPU.Build.0 = Debug|Any CPU
		{0CCB1CCB-19A4-4B39-9625-7538F84C893A}.Release|Any CPU.ActiveCfg = Release|Any CPU
		{0CCB1CCB-19A4-4B39-9625-7538F84C893A}.Release|Any CPU.Build.0 = Release|Any CPU
	EndGlobalSection
	GlobalSection(SolutionProperties) = preSolution
		HideSolutionNode = FALSE
	EndGlobalSection
	GlobalSection(ExtensibilityGlobals) = postSolution
		SolutionGuid = {BDC64BF0-DC19-496D-A526-47698CADEBC7}
	EndGlobalSection
EndGlobal
